// !$*UTF8*$!
{
	archiveVersion = 1;
	classes = {
	};
	objectVersion = 55;
	objects = {

/* Begin PBXBuildFile section */
		E360279128DF737E0050D7EA /* AppDelegate.swift in Sources */ = {isa = PBXBuildFile; fileRef = E360279028DF737E0050D7EA /* AppDelegate.swift */; };
		E360279328DF737E0050D7EA /* SceneDelegate.swift in Sources */ = {isa = PBXBuildFile; fileRef = E360279228DF737E0050D7EA /* SceneDelegate.swift */; };
		E360279528DF737E0050D7EA /* ViewController.swift in Sources */ = {isa = PBXBuildFile; fileRef = E360279428DF737E0050D7EA /* ViewController.swift */; };
		E360279828DF737E0050D7EA /* Main.storyboard in Resources */ = {isa = PBXBuildFile; fileRef = E360279628DF737E0050D7EA /* Main.storyboard */; };
		E360279A28DF737E0050D7EA /* Assets.xcassets in Resources */ = {isa = PBXBuildFile; fileRef = E360279928DF737E0050D7EA /* Assets.xcassets */; };
		E360279D28DF737E0050D7EA /* LaunchScreen.storyboard in Resources */ = {isa = PBXBuildFile; fileRef = E360279B28DF737E0050D7EA /* LaunchScreen.storyboard */; };
		E36027AF28DF95B80050D7EA /* nssl0049.jpg in Resources */ = {isa = PBXBuildFile; fileRef = E36027A528DF95B80050D7EA /* nssl0049.jpg */; };
		E36027B028DF95B80050D7EA /* nssl0046.jpg in Resources */ = {isa = PBXBuildFile; fileRef = E36027A628DF95B80050D7EA /* nssl0046.jpg */; };
		E36027B128DF95B80050D7EA /* nssl0091.jpg in Resources */ = {isa = PBXBuildFile; fileRef = E36027A728DF95B80050D7EA /* nssl0091.jpg */; };
		E36027B228DF95B80050D7EA /* nssl0045.jpg in Resources */ = {isa = PBXBuildFile; fileRef = E36027A828DF95B80050D7EA /* nssl0045.jpg */; };
		E36027B328DF95B80050D7EA /* nssl0051.jpg in Resources */ = {isa = PBXBuildFile; fileRef = E36027A928DF95B80050D7EA /* nssl0051.jpg */; };
		E36027B428DF95B80050D7EA /* nssl0041.jpg in Resources */ = {isa = PBXBuildFile; fileRef = E36027AA28DF95B80050D7EA /* nssl0041.jpg */; };
		E36027B528DF95B80050D7EA /* nssl0042.jpg in Resources */ = {isa = PBXBuildFile; fileRef = E36027AB28DF95B80050D7EA /* nssl0042.jpg */; };
		E36027B628DF95B80050D7EA /* nssl0043.jpg in Resources */ = {isa = PBXBuildFile; fileRef = E36027AC28DF95B80050D7EA /* nssl0043.jpg */; };
		E36027B728DF95B80050D7EA /* nssl0033.jpg in Resources */ = {isa = PBXBuildFile; fileRef = E36027AD28DF95B80050D7EA /* nssl0033.jpg */; };
		E36027B828DF95B80050D7EA /* nssl0034.jpg in Resources */ = {isa = PBXBuildFile; fileRef = E36027AE28DF95B80050D7EA /* nssl0034.jpg */; };
		E36027BA28E0F3FE0050D7EA /* DetailViewController.swift in Sources */ = {isa = PBXBuildFile; fileRef = E36027B928E0F3FE0050D7EA /* DetailViewController.swift */; };
/* End PBXBuildFile section */

/* Begin PBXFileReference section */
		E360278D28DF737E0050D7EA /* Project 1.app */ = {isa = PBXFileReference; explicitFileType = wrapper.application; includeInIndex = 0; path = "Project 1.app"; sourceTree = BUILT_PRODUCTS_DIR; };
		E360279028DF737E0050D7EA /* AppDelegate.swift */ = {isa = PBXFileReference; lastKnownFileType = sourcecode.swift; path = AppDelegate.swift; sourceTree = "<group>"; };
		E360279228DF737E0050D7EA /* SceneDelegate.swift */ = {isa = PBXFileReference; lastKnownFileType = sourcecode.swift; path = SceneDelegate.swift; sourceTree = "<group>"; };
		E360279428DF737E0050D7EA /* ViewController.swift */ = {isa = PBXFileReference; lastKnownFileType = sourcecode.swift; path = ViewController.swift; sourceTree = "<group>"; };
		E360279728DF737E0050D7EA /* Base */ = {isa = PBXFileReference; lastKnownFileType = file.storyboard; name = Base; path = Base.lproj/Main.storyboard; sourceTree = "<group>"; };
		E360279928DF737E0050D7EA /* Assets.xcassets */ = {isa = PBXFileReference; lastKnownFileType = folder.assetcatalog; path = Assets.xcassets; sourceTree = "<group>"; };
		E360279C28DF737E0050D7EA /* Base */ = {isa = PBXFileReference; lastKnownFileType = file.storyboard; name = Base; path = Base.lproj/LaunchScreen.storyboard; sourceTree = "<group>"; };
		E360279E28DF737E0050D7EA /* Info.plist */ = {isa = PBXFileReference; lastKnownFileType = text.plist.xml; path = Info.plist; sourceTree = "<group>"; };
		E36027A528DF95B80050D7EA /* nssl0049.jpg */ = {isa = PBXFileReference; lastKnownFileType = image.jpeg; path = nssl0049.jpg; sourceTree = "<group>"; };
		E36027A628DF95B80050D7EA /* nssl0046.jpg */ = {isa = PBXFileReference; lastKnownFileType = image.jpeg; path = nssl0046.jpg; sourceTree = "<group>"; };
		E36027A728DF95B80050D7EA /* nssl0091.jpg */ = {isa = PBXFileReference; lastKnownFileType = image.jpeg; path = nssl0091.jpg; sourceTree = "<group>"; };
		E36027A828DF95B80050D7EA /* nssl0045.jpg */ = {isa = PBXFileReference; lastKnownFileType = image.jpeg; path = nssl0045.jpg; sourceTree = "<group>"; };
		E36027A928DF95B80050D7EA /* nssl0051.jpg */ = {isa = PBXFileReference; lastKnownFileType = image.jpeg; path = nssl0051.jpg; sourceTree = "<group>"; };
		E36027AA28DF95B80050D7EA /* nssl0041.jpg */ = {isa = PBXFileReference; lastKnownFileType = image.jpeg; path = nssl0041.jpg; sourceTree = "<group>"; };
		E36027AB28DF95B80050D7EA /* nssl0042.jpg */ = {isa = PBXFileReference; lastKnownFileType = image.jpeg; path = nssl0042.jpg; sourceTree = "<group>"; };
		E36027AC28DF95B80050D7EA /* nssl0043.jpg */ = {isa = PBXFileReference; lastKnownFileType = image.jpeg; path = nssl0043.jpg; sourceTree = "<group>"; };
		E36027AD28DF95B80050D7EA /* nssl0033.jpg */ = {isa = PBXFileReference; lastKnownFileType = image.jpeg; path = nssl0033.jpg; sourceTree = "<group>"; };
		E36027AE28DF95B80050D7EA /* nssl0034.jpg */ = {isa = PBXFileReference; lastKnownFileType = image.jpeg; path = nssl0034.jpg; sourceTree = "<group>"; };
		E36027B928E0F3FE0050D7EA /* DetailViewController.swift */ = {isa = PBXFileReference; lastKnownFileType = sourcecode.swift; path = DetailViewController.swift; sourceTree = "<group>"; };
/* End PBXFileReference section */

/* Begin PBXFrameworksBuildPhase section */
		E360278A28DF737E0050D7EA /* Frameworks */ = {
			isa = PBXFrameworksBuildPhase;
			buildActionMask = 2147483647;
			files = (
			);
			runOnlyForDeploymentPostprocessing = 0;
		};
/* End PBXFrameworksBuildPhase section */

/* Begin PBXGroup section */
		E360278428DF737E0050D7EA = {
			isa = PBXGroup;
			children = (
				E360278F28DF737E0050D7EA /* Project 1 */,
				E360278E28DF737E0050D7EA /* Products */,
			);
			sourceTree = "<group>";
		};
		E360278E28DF737E0050D7EA /* Products */ = {
			isa = PBXGroup;
			children = (
				E360278D28DF737E0050D7EA /* Project 1.app */,
			);
			name = Products;
			sourceTree = "<group>";
		};
		E360278F28DF737E0050D7EA /* Project 1 */ = {
			isa = PBXGroup;
			children = (
				E360279028DF737E0050D7EA /* AppDelegate.swift */,
				E360279228DF737E0050D7EA /* SceneDelegate.swift */,
				E360279428DF737E0050D7EA /* ViewController.swift */,
				E36027B928E0F3FE0050D7EA /* DetailViewController.swift */,
				E360279628DF737E0050D7EA /* Main.storyboard */,
				E360279928DF737E0050D7EA /* Assets.xcassets */,
				E360279B28DF737E0050D7EA /* LaunchScreen.storyboard */,
				E360279E28DF737E0050D7EA /* Info.plist */,
				E36027A428DF95B80050D7EA /* Content */,
			);
			path = "Project 1";
			sourceTree = "<group>";
		};
		E36027A428DF95B80050D7EA /* Content */ = {
			isa = PBXGroup;
			children = (
				E36027A528DF95B80050D7EA /* nssl0049.jpg */,
				E36027A628DF95B80050D7EA /* nssl0046.jpg */,
				E36027A728DF95B80050D7EA /* nssl0091.jpg */,
				E36027A828DF95B80050D7EA /* nssl0045.jpg */,
				E36027A928DF95B80050D7EA /* nssl0051.jpg */,
				E36027AA28DF95B80050D7EA /* nssl0041.jpg */,
				E36027AB28DF95B80050D7EA /* nssl0042.jpg */,
				E36027AC28DF95B80050D7EA /* nssl0043.jpg */,
				E36027AD28DF95B80050D7EA /* nssl0033.jpg */,
				E36027AE28DF95B80050D7EA /* nssl0034.jpg */,
			);
			path = Content;
			sourceTree = "<group>";
		};
/* End PBXGroup section */

/* Begin PBXNativeTarget section */
		E360278C28DF737E0050D7EA /* Project 1 */ = {
			isa = PBXNativeTarget;
			buildConfigurationList = E36027A128DF737E0050D7EA /* Build configuration list for PBXNativeTarget "Project 1" */;
			buildPhases = (
				E360278928DF737E0050D7EA /* Sources */,
				E360278A28DF737E0050D7EA /* Frameworks */,
				E360278B28DF737E0050D7EA /* Resources */,
			);
			buildRules = (
			);
			dependencies = (
			);
			name = "Project 1";
			productName = "Project 1";
			productReference = E360278D28DF737E0050D7EA /* Project 1.app */;
			productType = "com.apple.product-type.application";
		};
/* End PBXNativeTarget section */

/* Begin PBXProject section */
		E360278528DF737E0050D7EA /* Project object */ = {
			isa = PBXProject;
			attributes = {
				BuildIndependentTargetsInParallel = 1;
				LastSwiftUpdateCheck = 1340;
				LastUpgradeCheck = 1340;
				TargetAttributes = {
					E360278C28DF737E0050D7EA = {
						CreatedOnToolsVersion = 13.4.1;
					};
				};
			};
			buildConfigurationList = E360278828DF737E0050D7EA /* Build configuration list for PBXProject "Project 1" */;
			compatibilityVersion = "Xcode 13.0";
			developmentRegion = en;
			hasScannedForEncodings = 0;
			knownRegions = (
				en,
				Base,
			);
			mainGroup = E360278428DF737E0050D7EA;
			productRefGroup = E360278E28DF737E0050D7EA /* Products */;
			projectDirPath = "";
			projectRoot = "";
			targets = (
				E360278C28DF737E0050D7EA /* Project 1 */,
			);
		};
/* End PBXProject section */

/* Begin PBXResourcesBuildPhase section */
		E360278B28DF737E0050D7EA /* Resources */ = {
			isa = PBXResourcesBuildPhase;
			buildActionMask = 2147483647;
			files = (
				E36027B028DF95B80050D7EA /* nssl0046.jpg in Resources */,
				E36027B728DF95B80050D7EA /* nssl0033.jpg in Resources */,
				E36027B328DF95B80050D7EA /* nssl0051.jpg in Resources */,
				E36027B128DF95B80050D7EA /* nssl0091.jpg in Resources */,
				E36027B628DF95B80050D7EA /* nssl0043.jpg in Resources */,
				E36027B828DF95B80050D7EA /* nssl0034.jpg in Resources */,
				E36027AF28DF95B80050D7EA /* nssl0049.jpg in Resources */,
				E36027B428DF95B80050D7EA /* nssl0041.jpg in Resources */,
				E36027B528DF95B80050D7EA /* nssl0042.jpg in Resources */,
				E360279D28DF737E0050D7EA /* LaunchScreen.storyboard in Resources */,
				E360279A28DF737E0050D7EA /* Assets.xcassets in Resources */,
				E36027B228DF95B80050D7EA /* nssl0045.jpg in Resources */,
				E360279828DF737E0050D7EA /* Main.storyboard in Resources */,
			);
			runOnlyForDeploymentPostprocessing = 0;
		};
/* End PBXResourcesBuildPhase section */

/* Begin PBXSourcesBuildPhase section */
		E360278928DF737E0050D7EA /* Sources */ = {
			isa = PBXSourcesBuildPhase;
			buildActionMask = 2147483647;
			files = (
				E360279528DF737E0050D7EA /* ViewController.swift in Sources */,
				E360279128DF737E0050D7EA /* AppDelegate.swift in Sources */,
				E360279328DF737E0050D7EA /* SceneDelegate.swift in Sources */,
				E36027BA28E0F3FE0050D7EA /* DetailViewController.swift in Sources */,
			);
			runOnlyForDeploymentPostprocessing = 0;
		};
/* End PBXSourcesBuildPhase section */

/* Begin PBXVariantGroup section */
		E360279628DF737E0050D7EA /* Main.storyboard */ = {
			isa = PBXVariantGroup;
			children = (
				E360279728DF737E0050D7EA /* Base */,
			);
			name = Main.storyboard;
			sourceTree = "<group>";
		};
		E360279B28DF737E0050D7EA /* LaunchScreen.storyboard */ = {
			isa = PBXVariantGroup;
			children = (
				E360279C28DF737E0050D7EA /* Base */,
			);
			name = LaunchScreen.storyboard;
			sourceTree = "<group>";
		};
/* End PBXVariantGroup section */

/* Begin XCBuildConfiguration section */
		E360279F28DF737E0050D7EA /* Debug */ = {
			isa = XCBuildConfiguration;
			buildSettings = {
				ALWAYS_SEARCH_USER_PATHS = NO;
				CLANG_ANALYZER_NONNULL = YES;
				CLANG_ANALYZER_NUMBER_OBJECT_CONVERSION = YES_AGGRESSIVE;
				CLANG_CXX_LANGUAGE_STANDARD = "gnu++17";
				CLANG_ENABLE_MODULES = YES;
				CLANG_ENABLE_OBJC_ARC = YES;
				CLANG_ENABLE_OBJC_WEAK = YES;
				CLANG_WARN_BLOCK_CAPTURE_AUTORELEASING = YES;
				CLANG_WARN_BOOL_CONVERSION = YES;
				CLANG_WARN_COMMA = YES;
				CLANG_WARN_CONSTANT_CONVERSION = YES;
				CLANG_WARN_DEPRECATED_OBJC_IMPLEMENTATIONS = YES;
				CLANG_WARN_DIRECT_OBJC_ISA_USAGE = YES_ERROR;
				CLANG_WARN_DOCUMENTATION_COMMENTS = YES;
				CLANG_WARN_EMPTY_BODY = YES;
				CLANG_WARN_ENUM_CONVERSION = YES;
				CLANG_WARN_INFINITE_RECURSION = YES;
				CLANG_WARN_INT_CONVERSION = YES;
				CLANG_WARN_NON_LITERAL_NULL_CONVERSION = YES;
				CLANG_WARN_OBJC_IMPLICIT_RETAIN_SELF = YES;
				CLANG_WARN_OBJC_LITERAL_CONVERSION = YES;
				CLANG_WARN_OBJC_ROOT_CLASS = YES_ERROR;
				CLANG_WARN_QUOTED_INCLUDE_IN_FRAMEWORK_HEADER = YES;
				CLANG_WARN_RANGE_LOOP_ANALYSIS = YES;
				CLANG_WARN_STRICT_PROTOTYPES = YES;
				CLANG_WARN_SUSPICIOUS_MOVE = YES;
				CLANG_WARN_UNGUARDED_AVAILABILITY = YES_AGGRESSIVE;
				CLANG_WARN_UNREACHABLE_CODE = YES;
				CLANG_WARN__DUPLICATE_METHOD_MATCH = YES;
				COPY_PHASE_STRIP = NO;
				DEBUG_INFORMATION_FORMAT = dwarf;
				ENABLE_STRICT_OBJC_MSGSEND = YES;
				ENABLE_TESTABILITY = YES;
				GCC_C_LANGUAGE_STANDARD = gnu11;
				GCC_DYNAMIC_NO_PIC = NO;
				GCC_NO_COMMON_BLOCKS = YES;
				GCC_OPTIMIZATION_LEVEL = 0;
				GCC_PREPROCESSOR_DEFINITIONS = (
					"DEBUG=1",
					"$(inherited)",
				);
				GCC_WARN_64_TO_32_BIT_CONVERSION = YES;
				GCC_WARN_ABOUT_RETURN_TYPE = YES_ERROR;
				GCC_WARN_UNDECLARED_SELECTOR = YES;
				GCC_WARN_UNINITIALIZED_AUTOS = YES_AGGRESSIVE;
				GCC_WARN_UNUSED_FUNCTION = YES;
				GCC_WARN_UNUSED_VARIABLE = YES;
				IPHONEOS_DEPLOYMENT_TARGET = 15.5;
				MTL_ENABLE_DEBUG_INFO = INCLUDE_SOURCE;
				MTL_FAST_MATH = YES;
				ONLY_ACTIVE_ARCH = YES;
				SDKROOT = iphoneos;
				SWIFT_ACTIVE_COMPILATION_CONDITIONS = DEBUG;
				SWIFT_OPTIMIZATION_LEVEL = "-Onone";
			};
			name = Debug;
		};
		E36027A028DF737E0050D7EA /* Release */ = {
			isa = XCBuildConfiguration;
			buildSettings = {
				ALWAYS_SEARCH_USER_PATHS = NO;
				CLANG_ANALYZER_NONNULL = YES;
				CLANG_ANALYZER_NUMBER_OBJECT_CONVERSION = YES_AGGRESSIVE;
				CLANG_CXX_LANGUAGE_STANDARD = "gnu++17";
				CLANG_ENABLE_MODULES = YES;
				CLANG_ENABLE_OBJC_ARC = YES;
				CLANG_ENABLE_OBJC_WEAK = YES;
				CLANG_WARN_BLOCK_CAPTURE_AUTORELEASING = YES;
				CLANG_WARN_BOOL_CONVERSION = YES;
				CLANG_WARN_COMMA = YES;
				CLANG_WARN_CONSTANT_CONVERSION = YES;
				CLANG_WARN_DEPRECATED_OBJC_IMPLEMENTATIONS = YES;
				CLANG_WARN_DIRECT_OBJC_ISA_USAGE = YES_ERROR;
				CLANG_WARN_DOCUMENTATION_COMMENTS = YES;
				CLANG_WARN_EMPTY_BODY = YES;
				CLANG_WARN_ENUM_CONVERSION = YES;
				CLANG_WARN_INFINITE_RECURSION = YES;
				CLANG_WARN_INT_CONVERSION = YES;
				CLANG_WARN_NON_LITERAL_NULL_CONVERSION = YES;
				CLANG_WARN_OBJC_IMPLICIT_RETAIN_SELF = YES;
				CLANG_WARN_OBJC_LITERAL_CONVERSION = YES;
				CLANG_WARN_OBJC_ROOT_CLASS = YES_ERROR;
				CLANG_WARN_QUOTED_INCLUDE_IN_FRAMEWORK_HEADER = YES;
				CLANG_WARN_RANGE_LOOP_ANALYSIS = YES;
				CLANG_WARN_STRICT_PROTOTYPES = YES;
				CLANG_WARN_SUSPICIOUS_MOVE = YES;
				CLANG_WARN_UNGUARDED_AVAILABILITY = YES_AGGRESSIVE;
				CLANG_WARN_UNREACHABLE_CODE = YES;
				CLANG_WARN__DUPLICATE_METHOD_MATCH = YES;
				COPY_PHASE_STRIP = NO;
				DEBUG_INFORMATION_FORMAT = "dwarf-with-dsym";
				ENABLE_NS_ASSERTIONS = NO;
				ENABLE_STRICT_OBJC_MSGSEND = YES;
				GCC_C_LANGUAGE_STANDARD = gnu11;
				GCC_NO_COMMON_BLOCKS = YES;
				GCC_WARN_64_TO_32_BIT_CONVERSION = YES;
				GCC_WARN_ABOUT_RETURN_TYPE = YES_ERROR;
				GCC_WARN_UNDECLARED_SELECTOR = YES;
				GCC_WARN_UNINITIALIZED_AUTOS = YES_AGGRESSIVE;
				GCC_WARN_UNUSED_FUNCTION = YES;
				GCC_WARN_UNUSED_VARIABLE = YES;
				IPHONEOS_DEPLOYMENT_TARGET = 15.5;
				MTL_ENABLE_DEBUG_INFO = NO;
				MTL_FAST_MATH = YES;
				SDKROOT = iphoneos;
				SWIFT_COMPILATION_MODE = wholemodule;
				SWIFT_OPTIMIZATION_LEVEL = "-O";
				VALIDATE_PRODUCT = YES;
			};
			name = Release;
		};
		E36027A228DF737E0050D7EA /* Debug */ = {
			isa = XCBuildConfiguration;
			buildSettings = {
				ASSETCATALOG_COMPILER_APPICON_NAME = AppIcon;
				ASSETCATALOG_COMPILER_GLOBAL_ACCENT_COLOR_NAME = AccentColor;
				CODE_SIGN_STYLE = Automatic;
				CURRENT_PROJECT_VERSION = 1;
				DEVELOPMENT_TEAM = HQBB4QQLWQ;
				GENERATE_INFOPLIST_FILE = YES;
				INFOPLIST_FILE = "Project 1/Info.plist";
				INFOPLIST_KEY_UIApplicationSupportsIndirectInputEvents = YES;
				INFOPLIST_KEY_UILaunchStoryboardName = LaunchScreen;
				INFOPLIST_KEY_UIMainStoryboardFile = Main;
				INFOPLIST_KEY_UISupportedInterfaceOrientations_iPad = "UIInterfaceOrientationPortrait UIInterfaceOrientationPortraitUpsideDown UIInterfaceOrientationLandscapeLeft UIInterfaceOrientationLandscapeRight";
				INFOPLIST_KEY_UISupportedInterfaceOrientations_iPhone = "UIInterfaceOrientationPortrait UIInterfaceOrientationLandscapeLeft UIInterfaceOrientationLandscapeRight";
				LD_RUNPATH_SEARCH_PATHS = (
					"$(inherited)",
					"@executable_path/Frameworks",
				);
				MARKETING_VERSION = 1.0;
				PRODUCT_BUNDLE_IDENTIFIER = "com.ahmetgoksu.Project-1";
				PRODUCT_NAME = "$(TARGET_NAME)";
				SWIFT_EMIT_LOC_STRINGS = YES;
				SWIFT_VERSION = 5.0;
				TARGETED_DEVICE_FAMILY = "1,2";
			};
			name = Debug;
		};
		E36027A328DF737E0050D7EA /* Release */ = {
			isa = XCBuildConfiguration;
			buildSettings = {
				ASSETCATALOG_COMPILER_APPICON_NAME = AppIcon;
				ASSETCATALOG_COMPILER_GLOBAL_ACCENT_COLOR_NAME = AccentColor;
				CODE_SIGN_STYLE = Automatic;
				CURRENT_PROJECT_VERSION = 1;
				DEVELOPMENT_TEAM = HQBB4QQLWQ;
				GENERATE_INFOPLIST_FILE = YES;
				INFOPLIST_FILE = "Project 1/Info.plist";
				INFOPLIST_KEY_UIApplicationSupportsIndirectInputEvents = YES;
				INFOPLIST_KEY_UILaunchStoryboardName = LaunchScreen;
				INFOPLIST_KEY_UIMainStoryboardFile = Main;
				INFOPLIST_KEY_UISupportedInterfaceOrientations_iPad = "UIInterfaceOrientationPortrait UIInterfaceOrientationPortraitUpsideDown UIInterfaceOrientationLandscapeLeft UIInterfaceOrientationLandscapeRight";
				INFOPLIST_KEY_UISupportedInterfaceOrientations_iPhone = "UIInterfaceOrientationPortrait UIInterfaceOrientationLandscapeLeft UIInterfaceOrientationLandscapeRight";
				LD_RUNPATH_SEARCH_PATHS = (
					"$(inherited)",
					"@executable_path/Frameworks",
				);
				MARKETING_VERSION = 1.0;
				PRODUCT_BUNDLE_IDENTIFIER = "com.ahmetgoksu.Project-1";
				PRODUCT_NAME = "$(TARGET_NAME)";
				SWIFT_EMIT_LOC_STRINGS = YES;
				SWIFT_VERSION = 5.0;
				TARGETED_DEVICE_FAMILY = "1,2";
			};
			name = Release;
		};
/* End XCBuildConfiguration section */

/* Begin XCConfigurationList section */
		E360278828DF737E0050D7EA /* Build configuration list for PBXProject "Project 1" */ = {
			isa = XCConfigurationList;
			buildConfigurations = (
				E360279F28DF737E0050D7EA /* Debug */,
				E36027A028DF737E0050D7EA /* Release */,
			);
			defaultConfigurationIsVisible = 0;
			defaultConfigurationName = Release;
		};
		E36027A128DF737E0050D7EA /* Build configuration list for PBXNativeTarget "Project 1" */ = {
			isa = XCConfigurationList;
			buildConfigurations = (
				E36027A228DF737E0050D7EA /* Debug */,
				E36027A328DF737E0050D7EA /* Release */,
			);
			defaultConfigurationIsVisible = 0;
			defaultConfigurationName = Release;
		};
/* End XCConfigurationList section */
	};
	rootObject = E360278528DF737E0050D7EA /* Project object */;
}
